
Microsoft Visual Studio Solution File, Format Version 12.00
# Visual Studio Version 17
VisualStudioVersion = 17.0.32014.148
MinimumVisualStudioVersion = 10.0.40219.1
Project("{9A19103F-16F7-4668-BE54-9A1E7A4F7556}") = "SteamDlcShopping", "SteamDlcShopping\SteamDlcShopping.csproj", "{198B5481-FF50-4C87-BAA1-1F836F2F42A2}"
EndProject
Global
	GlobalSection(SolutionConfigurationPlatforms) = preSolution
		Debug|Any CPU = Debug|Any CPU
		Release|Any CPU = Release|Any CPU
	EndGlobalSection
	GlobalSection(ProjectConfigurationPlatforms) = postSolution
		{198B5481-FF50-4C87-BAA1-1F836F2F42A2}.Debug|Any CPU.ActiveCfg = Debug|Any CPU
		{198B5481-FF50-4C87-BAA1-1F836F2F42A2}.Debug|Any CPU.Build.0 = Debug|Any CPU
		{198B5481-FF50-4C87-BAA1-1F836F2F42A2}.Release|Any CPU.ActiveCfg = Release|Any CPU
		{198B5481-FF50-4C87-BAA1-1F836F2F42A2}.Release|Any CPU.Build.0 = Release|Any CPU
	EndGlobalSection
	GlobalSection(SolutionProperties) = preSolution
		HideSolutionNode = FALSE
	EndGlobalSection
	GlobalSection(ExtensibilityGlobals) = postSolution
		SolutionGuid = {D79813AC-BAAD-4E9D-B86A-14306EEFCA55}
	EndGlobalSection
EndGlobal
